{
  "name": "chargebee-me",
  "version": "1.0.0",
  "lockfileVersion": 1,
  "requires": true,
  "dependencies": {
    "chargebee": {
      "version": "2.5.0",
      "resolved": "https://registry.npmjs.org/chargebee/-/chargebee-2.5.0.tgz",
      "integrity": "sha512-YDOf9aUn4Cf94IeN+U7MALHifrE/ic9MKY7XTsyV7ZbWRx7YtR23wj1HCFHDqe1DQX45kg5QNsQL0Svh6oAO8Q==",
      "requires": {
        "q": ">=1.0.1"
      }
    },
    "q": {
      "version": "1.5.1",
      "resolved": "https://registry.npmjs.org/q/-/q-1.5.1.tgz",
      "integrity": "sha1-fjL3W0E4EpHQRhHxvxQQmsAGUdc="
    }
  }
}
